<?xml version="1.0" encoding="utf-8"?>
<Project ToolsVersion="4.0" xmlns="http://schemas.microsoft.com/developer/msbuild/2003">
  <ItemGroup>
    <FxCompile Include="Resources\shaders\Line.PS.hlsl" />
    <FxCompile Include="Resources\shaders\Line.VS.hlsl" />
    <FxCompile Include="Resources\shaders\Particle.PS.hlsl" />
    <FxCompile Include="Resources\shaders\Particle.VS.hlsl" />
    <FxCompile Include="Resources\shaders\Skinning.VS.hlsl" />
    <FxCompile Include="Resources\shaders\Sprite.PS.hlsl" />
    <FxCompile Include="Resources\shaders\Sprite.VS.hlsl" />
  </ItemGroup>
  <ItemGroup>
    <ClCompile Include="Application\Objects\Cube\Cube.cpp" />
    <ClCompile Include="Engine\Generators\OffScreen\OffScreen.cpp" />
    <ClCompile Include="Engine\Utility\Systems\MapChip\MapChipCollision.cpp" />
    <ClCompile Include="Engine\Utility\Systems\MapChip\MapChipField.cpp" />
    <ClCompile Include="Engine\Utility\Systems\MapChip\MapChipInfo.cpp" />
    <ClCompile Include="Math\Easing.cpp" />
    <ClCompile Include="Application\Scenes\MainScenes\Clear\ClearScene.cpp" />
    <ClCompile Include="Application\Scenes\CoreScenes\Base\BaseScene.cpp" />
    <ClCompile Include="Application\Scenes\MainScenes\Game\GameScene.cpp" />
    <ClCompile Include="Application\Scenes\CoreScenes\Manager\SceneManager.cpp" />
    <ClCompile Include="Application\Scenes\MainScenes\Title\TitleScene.cpp" />
    <ClCompile Include="Engine\Utility\Systems\Camera\CameraManager.cpp" />
    <ClCompile Include="Engine\Utility\Systems\Audio\Audio.cpp" />
    <ClCompile Include="Engine\Utility\Systems\Camera\Camera.cpp" />
    <ClCompile Include="Engine\Core\DX\DirectXCommon.cpp" />
    <ClCompile Include="Engine\Utility\Debugger\LeakChecker.cpp" />
    <ClCompile Include="Engine\Utility\Systems\Input\Input.cpp" />
    <ClCompile Include="Engine\Core\Framework\Framework.cpp" />
    <ClCompile Include="Engine\Utility\Debugger\ImGuiManager.cpp" />
    <ClCompile Include="Engine\Graphics\LightManager\LightManager.cpp" />
    <ClCompile Include="Engine\Graphics\Drawer\LineManager\LineManager.cpp" />
    <ClCompile Include="Engine\Graphics\Drawer\LineManager\Line.cpp" />
    <ClCompile Include="Engine\Graphics\PipelineManager\PipelineManager.cpp" />
    <ClCompile Include="Engine\Utility\Loaders\Model\Joint.cpp" />
    <ClCompile Include="Application\Objects\Ground\Ground.cpp" />
    <ClCompile Include="Application\Scenes\MainScenes\Transitions\Fade\Fade.cpp" />
    <ClCompile Include="Application\SystemsApp\Cameras\FollowCamera\FollowCamera.cpp" />
    <ClCompile Include="Engine\Utility\Loaders\Json\JsonManager.cpp" />
    <ClCompile Include="Engine\Utility\Systems\GameTime\GameTime.cpp" />
    <ClCompile Include="Application\Scenes\MainScenes\Transitions\Base\ISceneTransition.cpp" />
    <ClCompile Include="Application\Scenes\MainScenes\Transitions\Fade\FadeTransition.cpp" />
    <ClCompile Include="main.cpp" />
    <ClCompile Include="Math\Matrix4x4.cpp" />
    <ClCompile Include="Engine\Utility\Loaders\Model\Model.cpp" />
    <ClCompile Include="Engine\Utility\Loaders\Model\ModelCommon.cpp" />
    <ClCompile Include="Engine\Utility\Loaders\Model\ModelManager.cpp" />
    <ClCompile Include="Engine\Generators\Object3D\Object3d.cpp" />
    <ClCompile Include="Engine\Generators\Object3D\Object3dCommon.cpp" />
    <ClCompile Include="Engine\Generators\Sprite\Sprite.cpp" />
    <ClCompile Include="Engine\Generators\Sprite\SpriteCommon.cpp" />
    <ClCompile Include="Engine\Utility\Loaders\Texture\TextureManager.cpp" />
    <ClCompile Include="Engine\Core\WinApp\WinApp.cpp" />
    <ClCompile Include="Engine\Graphics\SrvManager\SrvManager.cpp" />
    <ClCompile Include="Engine\Core\Framework\MyGame.cpp" />
    <ClCompile Include="Engine\Generators\Particle\ParticleManager.cpp" />
    <ClCompile Include="Application\Scenes\CoreScenes\Factory\SceneFactory.cpp" />
    <ClCompile Include="Math\MathFunc.cpp" />
    <ClCompile Include="Engine\Graphics\WorldTransform\WorldTransform.cpp" />
    <ClCompile Include="Engine\Generators\Particle\ParticleEmitter.cpp" />
    <ClCompile Include="Engine\Graphics\PipelineManager\SkinningManager.cpp" />
    <ClCompile Include="Math\Quaternion.cpp" />
    <ClCompile Include="Math\Vector3.cpp" />
    <ClCompile Include="Engine\Utility\Loaders\Model\Skeleton.cpp" />
    <ClCompile Include="Engine\Utility\Loaders\Model\Node.cpp" />
    <ClCompile Include="Engine\Utility\Loaders\Model\SkinCluster.cpp" />
    <ClCompile Include="Application\SystemsApp\Cameras\TopDownCamera\TopDownCamera.cpp" />
    <ClCompile Include="Application\Scenes\MainScenes\Transitions\Base\TransitionFactory.cpp" />
    <ClCompile Include="Application\Objects\Player\Player.cpp" />
    <ClCompile Include="Application\SystemsApp\Picture\Picture.cpp" />
    <ClCompile Include="Engine\Utility\Systems\UI\UIBase.cpp" />
    <ClCompile Include="Engine\Utility\Systems\UI\UIButton.cpp" />
    <ClCompile Include="Application\SystemsApp\Cameras\DebugCamera\DebugCamera.cpp" />
    <ClCompile Include="Engine\Utility\Collision\AABB\AABBCollider.cpp" />
    <ClCompile Include="Engine\Utility\Collision\OBB\OBBCollider.cpp" />
    <ClCompile Include="Engine\Utility\Collision\Sphere\SphereCollider.cpp" />
    <ClCompile Include="Application\Objects\Player\PlayerMapCollision.cpp" />
    <ClCompile Include="Application\Objects\Player\PlayerBody.cpp" />
    <ClCompile Include="Application\Objects\Grass\Grass.cpp" />
    <ClCompile Include="Engine\Utility\Collision\Core\BaseCollider.cpp" />
    <ClCompile Include="Engine\Utility\Collision\Core\ColliderFactory.cpp" />
    <ClCompile Include="Engine\Utility\Collision\Core\ColliderPool.cpp" />
    <ClCompile Include="Engine\Utility\Collision\Core\CollisionManager.cpp" />
    <ClCompile Include="Engine\Utility\Collision\Core\ContactRecord.cpp" />
    <ClCompile Include="Engine\Utility\Collision\Core\Effect.cpp" />
    <ClCompile Include="Application\Objects\Grass\GrassManager.cpp" />
    <ClCompile Include="Application\Objects\EnemyManager\DropEnemy.cpp" />
    <ClCompile Include="Application\Objects\EnemyManager\SideEnemy.cpp" />
    <ClCompile Include="Application\Objects\EnemyManager\BaseEnemy.cpp" />
    <ClCompile Include="Application\Objects\EnemyManager\EnemyManager.cpp" />
    <ClCompile Include="Application\SpriteApp\ScreenApp\GameScreen.cpp" />
    <ClCompile Include="Application\Objects\Player\StuckGrass.cpp" />
    <ClCompile Include="Application\CheckPoint\CheckPoint.cpp" />
    <ClCompile Include="Application\Stage\Stage.cpp" />
    <ClCompile Include="Engine\Graphics\Culling\OcclusionCullingManager.cpp" />
    <ClCompile Include="Application\Objects\Grass\Branch.cpp" />
    <ClCompile Include="Application\Stage\StageManager.cpp" />
    <ClCompile Include="Engine\Utility\Loaders\Model\Animation\Animation.cpp" />
    <ClCompile Include="Engine\Utility\Loaders\Model\Animation\AnimationSystem.cpp" />
    <ClCompile Include="Engine\Utility\Loaders\Model\Material\Material.cpp" />
    <ClCompile Include="Engine\Utility\Loaders\Model\Material\MaterialColor.cpp" />
    <ClCompile Include="Engine\Utility\Loaders\Model\Material\MaterialManager.cpp" />
    <ClCompile Include="Engine\Utility\Loaders\Model\Mesh\Mesh.cpp" />
    <ClCompile Include="Application\Objects\EnemyManager\EnemyEditor.cpp" />
    <ClCompile Include="Application\Stage\StageEditor.cpp" />
    <ClCompile Include="Engine\Utility\Loaders\Model\Material\MaterialLighting.cpp" />
    <ClCompile Include="Engine\Utility\Loaders\Model\Material\MaterialUV.cpp" />
    <ClCompile Include="Application\Objects\Player\PlayerHaert.cpp" />
    <ClCompile Include="Application\Objects\Giraffe\Giraffe.cpp" />
    <ClCompile Include="Application\Objects\Player\TitlePlayer.cpp" />
    <ClCompile Include="Application\Objects\Book\Book.cpp" />
    <ClCompile Include="Application\SystemsApp\Cameras\BookEventCamera\BookEventCamera.cpp" />
    <ClCompile Include="Application\SystemsApp\Cameras\DefaultCamera\DefaultCamera.cpp" />
  </ItemGroup>
  <ItemGroup>
    <ClInclude Include="Application\Objects\BaseObject\BaseObject.h" />
    <ClInclude Include="Application\Objects\Cube\Cube.h" />
    <ClInclude Include="Engine\Generators\OffScreen\OffScreen.h" />
    <ClInclude Include="Engine\Utility\Systems\MapChip\MapChipCollision.h" />
    <ClInclude Include="Engine\Utility\Systems\MapChip\MapChipField.h" />
    <ClInclude Include="Engine\Utility\Systems\MapChip\MapChipInfo.h" />
    <ClInclude Include="Math\Easing.h" />
    <ClInclude Include="Application\Scenes\MainScenes\Clear\ClearScene.h" />
    <ClInclude Include="Engine\Utility\Loaders\Json\ConversionJson.h" />
    <ClInclude Include="Engine\Utility\Loaders\Json\VariableJson.h" />
    <ClInclude Include="Application\Scenes\CoreScenes\Base\BaseScene.h" />
    <ClInclude Include="Application\Scenes\MainScenes\Game\GameScene.h" />
    <ClInclude Include="Application\Scenes\CoreScenes\Manager\SceneManager.h" />
    <ClInclude Include="Application\Scenes\MainScenes\Title\TitleScene.h" />
    <ClInclude Include="Engine\Utility\Systems\Camera\CameraManager.h" />
    <ClInclude Include="Application\Scenes\CoreScenes\Factory\AbstractSceneFactory.h" />
    <ClInclude Include="Engine\Utility\Systems\Audio\Audio.h" />
    <ClInclude Include="Engine\Utility\Systems\Camera\Camera.h" />
    <ClInclude Include="Engine\Core\DX\DirectXCommon.h" />
    <ClInclude Include="Engine\Utility\Debugger\LeakChecker.h" />
    <ClInclude Include="Engine\Utility\Systems\Input\Input.h" />
    <ClInclude Include="Engine\Utility\Loaders\Model\Joint.h" />
    <ClInclude Include="Application\Objects\Ground\Ground.h" />
    <ClInclude Include="Application\Scenes\MainScenes\Transitions\Fade\Fade.h" />
    <ClInclude Include="Application\SystemsApp\Cameras\FollowCamera\FollowCamera.h" />
    <ClInclude Include="Engine\Utility\Loaders\Json\JsonManager.h" />
    <ClInclude Include="Engine\Utility\Systems\GameTime\GameTime.h" />
    <ClInclude Include="Application\Scenes\MainScenes\Transitions\Base\ISceneTransition.h" />
    <ClInclude Include="Application\Scenes\MainScenes\Transitions\Fade\FadeTransition.h" />
    <ClInclude Include="Math\MathFunc.h" />
    <ClInclude Include="Math\Matrix3x3.h" />
    <ClInclude Include="Math\Matrix4x4.h" />
    <ClInclude Include="Math\Quaternion.h" />
    <ClInclude Include="Math\Vector2.h" />
    <ClInclude Include="Math\Vector3.h" />
    <ClInclude Include="Math\Vector4.h" />
    <ClInclude Include="Engine\Utility\Loaders\Model\Model.h" />
    <ClInclude Include="Engine\Utility\Loaders\Model\ModelCommon.h" />
    <ClInclude Include="Engine\Utility\Loaders\Model\ModelManager.h" />
    <ClInclude Include="Engine\Generators\Object3D\Object3d.h" />
    <ClInclude Include="Engine\Generators\Object3D\Object3dCommon.h" />
    <ClInclude Include="Engine\Generators\Sprite\Sprite.h" />
    <ClInclude Include="Engine\Generators\Sprite\SpriteCommon.h" />
    <ClInclude Include="Engine\Utility\Loaders\Texture\TextureManager.h" />
    <ClInclude Include="Engine\Core\WinApp\WinApp.h" />
    <ClInclude Include="Engine\Graphics\SrvManager\SrvManager.h" />
    <ClInclude Include="Engine\Core\Framework\Framework.h" />
    <ClInclude Include="Engine\Utility\Debugger\ImGuiManager.h" />
    <ClInclude Include="Engine\Core\Framework\MyGame.h" />
    <ClInclude Include="Engine\Generators\Particle\ParticleManager.h" />
    <ClInclude Include="Application\Scenes\CoreScenes\Factory\SceneFactory.h" />
    <ClInclude Include="Engine\Graphics\WorldTransform\WorldTransform.h" />
    <ClInclude Include="Engine\Generators\Particle\ParticleEmitter.h" />
    <ClInclude Include="Engine\Graphics\LightManager\LightManager.h" />
    <ClInclude Include="Engine\Graphics\Drawer\LineManager\LineManager.h" />
    <ClInclude Include="Engine\Graphics\Drawer\LineManager\Line.h" />
    <ClInclude Include="Engine\Graphics\PipelineManager\PipelineManager.h" />
    <ClInclude Include="Engine\Graphics\PipelineManager\SkinningManager.h" />
    <ClInclude Include="Engine\Utility\Loaders\Model\Skeleton.h" />
    <ClInclude Include="Engine\Utility\Loaders\Model\Node.h" />
    <ClInclude Include="Engine\Utility\Loaders\Model\SkinCluster.h" />
    <ClInclude Include="Application\SystemsApp\Cameras\TopDownCamera\TopDownCamera.h" />
    <ClInclude Include="Application\Scenes\MainScenes\Transitions\Base\TransitionFactory.h" />
    <ClInclude Include="Engine\Utility\Loaders\Model\Mesh.h" />
    <ClInclude Include="Engine\Utility\Loaders\Model\ModelTest.h" />
    <ClInclude Include="Engine\Utility\Loaders\Model\ModelLoader.h" />
    <ClInclude Include="Application\Objects\Player\Player.h" />
    <ClInclude Include="Application\SystemsApp\Picture\Picture.h" />
    <ClInclude Include="Engine\Utility\Systems\UI\UIBase.h" />
    <ClInclude Include="Engine\Utility\Systems\UI\UIButton.h" />
    <ClInclude Include="resource.h" />
    <ClInclude Include="Application\SystemsApp\Cameras\DebugCamera\DebugCamera.h" />
    <ClInclude Include="Engine\Utility\Collision\AABB\AABBCollider.h" />
    <ClInclude Include="Engine\Utility\Collision\OBB\OBBCollider.h" />
    <ClInclude Include="Engine\Utility\Collision\Sphere\SphereCollider.h" />
    <ClInclude Include="Application\Objects\Player\PlayerMapCollision.h" />
    <ClInclude Include="Application\Objects\Player\PlayerBody.h" />
    <ClInclude Include="Application\Objects\Grass\Grass.h" />
    <ClInclude Include="Engine\Utility\Collision\Core\BaseCollider.h" />
    <ClInclude Include="Engine\Utility\Collision\Core\ColliderFactory.h" />
    <ClInclude Include="Engine\Utility\Collision\Core\ColliderPool.h" />
    <ClInclude Include="Engine\Utility\Collision\Core\CollisionManager.h" />
    <ClInclude Include="Engine\Utility\Collision\Core\CollisionTypeIdDef.h" />
    <ClInclude Include="Engine\Utility\Collision\Core\ContactRecord.h" />
    <ClInclude Include="Engine\Utility\Collision\Core\Effect.h" />
    <ClInclude Include="Application\Objects\Grass\GrassManager.h" />
    <ClInclude Include="Application\Objects\EnemyManager\DropEnemy.h" />
    <ClInclude Include="Application\Objects\EnemyManager\SideEnemy.h" />
    <ClInclude Include="Application\Objects\EnemyManager\BaseEnemy.h" />
    <ClInclude Include="Application\Objects\EnemyManager\EnemyManager.h" />
    <ClInclude Include="Application\SpriteApp\ScreenApp\GameScreen.h" />
    <ClInclude Include="Application\Objects\Player\StuckGrass.h" />
    <ClInclude Include="Application\CheckPoint\CheckPoint.h" />
    <ClInclude Include="Application\Stage\Stage.h" />
    <ClInclude Include="Engine\Utility\Collision\Core\CollisionDirection.h" />
    <ClInclude Include="Engine\Graphics\Culling\OcclusionCullingManager.h" />
    <ClInclude Include="Application\Objects\Grass\Branch.h" />
    <ClInclude Include="Application\Stage\StageManager.h" />
    <ClInclude Include="Engine\Utility\Loaders\Model\ModelUtils.h" />
    <ClInclude Include="Engine\Utility\Debugger\Logger.h" />
    <ClInclude Include="Engine\Utility\Loaders\Model\Animation\Animation.h" />
    <ClInclude Include="Engine\Utility\Loaders\Model\Animation\AnimationSystem.h" />
    <ClInclude Include="Engine\Utility\Loaders\Model\Material\Material.h" />
    <ClInclude Include="Engine\Utility\Loaders\Model\Material\MaterialColor.h" />
    <ClInclude Include="Engine\Utility\Loaders\Model\Material\MaterialManager.h" />
    <ClInclude Include="Engine\Utility\Loaders\Model\Mesh\Mesh.h" />
    <ClInclude Include="Application\Objects\EnemyManager\EnemyEditor.h" />
    <ClInclude Include="Application\Stage\StageEditor.h" />
    <ClInclude Include="Engine\Utility\Loaders\Model\Material\MaterialLighting.h" />
    <ClInclude Include="Engine\Utility\Loaders\Model\Material\MaterialUV.h" />
    <ClInclude Include="Application\Objects\Player\PlayerHaert.h" />
    <ClInclude Include="Application\Objects\Giraffe\Giraffe.h" />
    <ClInclude Include="Application\Objects\Player\TitlePlayer.h" />
    <ClInclude Include="Application\Objects\Book\Book.h" />
    <ClInclude Include="Application\SystemsApp\Cameras\BookEventCamera\BookEventCamera.h" />
    <ClInclude Include="Application\SystemsApp\Cameras\DefaultCamera\DefaultCamera.h" />
  </ItemGroup>
  <ItemGroup>
    <None Include="Resources\Models\plane\plane.bin" />
    <None Include="Resources\Models\simpleSkin\simpleSkin.bin" />
    <None Include="Resources\Models\sneakWalk\sneakWalk.bin" />
    <None Include="Resources\Models\walk\walk.bin" />
    <None Include="Resources\shaders\Particle.hlsli" />
    <None Include="Resources\shaders\Skinning.hlsli" />
    <None Include="Resources\shaders\Skinning.PS.hlsl" />
    <None Include="Resources\shaders\Sprite.hlsli" />
  </ItemGroup>
  <ItemGroup>
    <ResourceCompile Include="DirectXGame.rc" />
  </ItemGroup>
  <ItemGroup>
    <Image Include="Resources\Textures\Ico\icon.ico" />
  </ItemGroup>
</Project>